
Microsoft Visual Studio Solution File, Format Version 12.00
# Visual Studio Version 16
VisualStudioVersion = 16.0.29102.190
MinimumVisualStudioVersion = 10.0.40219.1
Project("{FAE04EC0-301F-11D3-BF4B-00C04F79EFBC}") = "FristDemoWebsite", "FristDemoWebsite\FristDemoWebsite.csproj", "{39183E7C-B5E7-47D5-BF57-AD30B1305AE0}"
EndProject
Global
	GlobalSection(SolutionConfigurationPlatforms) = preSolution
		Debug|Any CPU = Debug|Any CPU
		Release|Any CPU = Release|Any CPU
	EndGlobalSection
	GlobalSection(ProjectConfigurationPlatforms) = postSolution
		{39183E7C-B5E7-47D5-BF57-AD30B1305AE0}.Debug|Any CPU.ActiveCfg = Debug|Any CPU
		{39183E7C-B5E7-47D5-BF57-AD30B1305AE0}.Debug|Any CPU.Build.0 = Debug|Any CPU
		{39183E7C-B5E7-47D5-BF57-AD30B1305AE0}.Release|Any CPU.ActiveCfg = Release|Any CPU
		{39183E7C-B5E7-47D5-BF57-AD30B1305AE0}.Release|Any CPU.Build.0 = Release|Any CPU
	EndGlobalSection
	GlobalSection(SolutionProperties) = preSolution
		HideSolutionNode = FALSE
	EndGlobalSection
	GlobalSection(ExtensibilityGlobals) = postSolution
		SolutionGuid = {7BDDFE40-D66D-4DF2-941C-4568BF4CCA6E}
	EndGlobalSection
EndGlobal
